
Microsoft Visual Studio Solution File, Format Version 12.00
# Visual Studio Version 17
VisualStudioVersion = 17.10.35027.167
MinimumVisualStudioVersion = 10.0.40219.1
Project("{FAE04EC0-301F-11D3-BF4B-00C04F79EFBC}") = "List_Work", "List_Work\List_Work.csproj", "{E04A2757-6C95-40B8-A6FC-3F938D7EE87A}"
EndProject
Project("{FAE04EC0-301F-11D3-BF4B-00C04F79EFBC}") = "Collection_works", "Collection_works\Collection_works.csproj", "{BE063CF6-AF02-4CD1-B8A8-A491ED202FD0}"
EndProject
Global
	GlobalSection(SolutionConfigurationPlatforms) = preSolution
		Debug|Any CPU = Debug|Any CPU
		Release|Any CPU = Release|Any CPU
	EndGlobalSection
	GlobalSection(ProjectConfigurationPlatforms) = postSolution
		{E04A2757-6C95-40B8-A6FC-3F938D7EE87A}.Debug|Any CPU.ActiveCfg = Debug|Any CPU
		{E04A2757-6C95-40B8-A6FC-3F938D7EE87A}.Debug|Any CPU.Build.0 = Debug|Any CPU
		{E04A2757-6C95-40B8-A6FC-3F938D7EE87A}.Release|Any CPU.ActiveCfg = Release|Any CPU
		{E04A2757-6C95-40B8-A6FC-3F938D7EE87A}.Release|Any CPU.Build.0 = Release|Any CPU
		{BE063CF6-AF02-4CD1-B8A8-A491ED202FD0}.Debug|Any CPU.ActiveCfg = Debug|Any CPU
		{BE063CF6-AF02-4CD1-B8A8-A491ED202FD0}.Debug|Any CPU.Build.0 = Debug|Any CPU
		{BE063CF6-AF02-4CD1-B8A8-A491ED202FD0}.Release|Any CPU.ActiveCfg = Release|Any CPU
		{BE063CF6-AF02-4CD1-B8A8-A491ED202FD0}.Release|Any CPU.Build.0 = Release|Any CPU
	EndGlobalSection
	GlobalSection(SolutionProperties) = preSolution
		HideSolutionNode = FALSE
	EndGlobalSection
	GlobalSection(ExtensibilityGlobals) = postSolution
		SolutionGuid = {BA4A6069-D97F-4D2C-A352-0038F7688369}
	EndGlobalSection
EndGlobal
